
Microsoft Visual Studio Solution File, Format Version 12.00
# Visual Studio Version 17
VisualStudioVersion = 17.3.32922.545
MinimumVisualStudioVersion = 10.0.40219.1
Project("{FAE04EC0-301F-11D3-BF4B-00C04F79EFBC}") = "Biblioteca", "Biblioteca\Biblioteca.csproj", "{9FD160EE-F5E8-47CE-98B9-7E4AF5742DA3}"
EndProject
Global
	GlobalSection(SolutionConfigurationPlatforms) = preSolution
		Debug|Any CPU = Debug|Any CPU
		Release|Any CPU = Release|Any CPU
	EndGlobalSection
	GlobalSection(ProjectConfigurationPlatforms) = postSolution
		{9FD160EE-F5E8-47CE-98B9-7E4AF5742DA3}.Debug|Any CPU.ActiveCfg = Debug|Any CPU
		{9FD160EE-F5E8-47CE-98B9-7E4AF5742DA3}.Debug|Any CPU.Build.0 = Debug|Any CPU
		{9FD160EE-F5E8-47CE-98B9-7E4AF5742DA3}.Release|Any CPU.ActiveCfg = Release|Any CPU
		{9FD160EE-F5E8-47CE-98B9-7E4AF5742DA3}.Release|Any CPU.Build.0 = Release|Any CPU
	EndGlobalSection
	GlobalSection(SolutionProperties) = preSolution
		HideSolutionNode = FALSE
	EndGlobalSection
	GlobalSection(ExtensibilityGlobals) = postSolution
		SolutionGuid = {26139E6E-5993-4445-8D78-E5AEDDE285FE}
	EndGlobalSection
EndGlobal
